// !$*UTF8*$!
{
	archiveVersion = 1;
	classes = {
	};
	objectVersion = 55;
	objects = {

/* Begin PBXBuildFile section */
		48EC5F04281AC45C000FDC05 /* testingApp.swift in Sources */ = {isa = PBXBuildFile; fileRef = 48EC5F03281AC45C000FDC05 /* testingApp.swift */; };
		48EC5F06281AC45C000FDC05 /* ContentView.swift in Sources */ = {isa = PBXBuildFile; fileRef = 48EC5F05281AC45C000FDC05 /* ContentView.swift */; };
		48EC5F08281AC45E000FDC05 /* Assets.xcassets in Resources */ = {isa = PBXBuildFile; fileRef = 48EC5F07281AC45E000FDC05 /* Assets.xcassets */; };
		48EC5F0B281AC45E000FDC05 /* Preview Assets.xcassets in Resources */ = {isa = PBXBuildFile; fileRef = 48EC5F0A281AC45E000FDC05 /* Preview Assets.xcassets */; };
		48EC5F15281AC45E000FDC05 /* testingTests.swift in Sources */ = {isa = PBXBuildFile; fileRef = 48EC5F14281AC45E000FDC05 /* testingTests.swift */; };
		48EC5F1F281AC45E000FDC05 /* testingUITests.swift in Sources */ = {isa = PBXBuildFile; fileRef = 48EC5F1E281AC45E000FDC05 /* testingUITests.swift */; };
		48EC5F21281AC45E000FDC05 /* testingUITestsLaunchTests.swift in Sources */ = {isa = PBXBuildFile; fileRef = 48EC5F20281AC45E000FDC05 /* testingUITestsLaunchTests.swift */; };
/* End PBXBuildFile section */

/* Begin PBXContainerItemProxy section */
		48EC5F11281AC45E000FDC05 /* PBXContainerItemProxy */ = {
			isa = PBXContainerItemProxy;
			containerPortal = 48EC5EF8281AC45C000FDC05 /* Project object */;
			proxyType = 1;
			remoteGlobalIDString = 48EC5EFF281AC45C000FDC05;
			remoteInfo = testing;
		};
		48EC5F1B281AC45E000FDC05 /* PBXContainerItemProxy */ = {
			isa = PBXContainerItemProxy;
			containerPortal = 48EC5EF8281AC45C000FDC05 /* Project object */;
			proxyType = 1;
			remoteGlobalIDString = 48EC5EFF281AC45C000FDC05;
			remoteInfo = testing;
		};
/* End PBXContainerItemProxy section */

/* Begin PBXFileReference section */
		48EC5F00281AC45C000FDC05 /* testing.app */ = {isa = PBXFileReference; explicitFileType = wrapper.application; includeInIndex = 0; path = testing.app; sourceTree = BUILT_PRODUCTS_DIR; };
		48EC5F03281AC45C000FDC05 /* testingApp.swift */ = {isa = PBXFileReference; lastKnownFileType = sourcecode.swift; path = testingApp.swift; sourceTree = "<group>"; };
		48EC5F05281AC45C000FDC05 /* ContentView.swift */ = {isa = PBXFileReference; lastKnownFileType = sourcecode.swift; path = ContentView.swift; sourceTree = "<group>"; };
		48EC5F07281AC45E000FDC05 /* Assets.xcassets */ = {isa = PBXFileReference; lastKnownFileType = folder.assetcatalog; path = Assets.xcassets; sourceTree = "<group>"; };
		48EC5F0A281AC45E000FDC05 /* Preview Assets.xcassets */ = {isa = PBXFileReference; lastKnownFileType = folder.assetcatalog; path = "Preview Assets.xcassets"; sourceTree = "<group>"; };
		48EC5F10281AC45E000FDC05 /* testingTests.xctest */ = {isa = PBXFileReference; explicitFileType = wrapper.cfbundle; includeInIndex = 0; path = testingTests.xctest; sourceTree = BUILT_PRODUCTS_DIR; };
		48EC5F14281AC45E000FDC05 /* testingTests.swift */ = {isa = PBXFileReference; lastKnownFileType = sourcecode.swift; path = testingTests.swift; sourceTree = "<group>"; };
		48EC5F1A281AC45E000FDC05 /* testingUITests.xctest */ = {isa = PBXFileReference; explicitFileType = wrapper.cfbundle; includeInIndex = 0; path = testingUITests.xctest; sourceTree = BUILT_PRODUCTS_DIR; };
		48EC5F1E281AC45E000FDC05 /* testingUITests.swift */ = {isa = PBXFileReference; lastKnownFileType = sourcecode.swift; path = testingUITests.swift; sourceTree = "<group>"; };
		48EC5F20281AC45E000FDC05 /* testingUITestsLaunchTests.swift */ = {isa = PBXFileReference; lastKnownFileType = sourcecode.swift; path = testingUITestsLaunchTests.swift; sourceTree = "<group>"; };
/* End PBXFileReference section */

/* Begin PBXFrameworksBuildPhase section */
		48EC5EFD281AC45C000FDC05 /* Frameworks */ = {
			isa = PBXFrameworksBuildPhase;
			buildActionMask = 2147483647;
			files = (
			);
			runOnlyForDeploymentPostprocessing = 0;
		};
		48EC5F0D281AC45E000FDC05 /* Frameworks */ = {
			isa = PBXFrameworksBuildPhase;
			buildActionMask = 2147483647;
			files = (
			);
			runOnlyForDeploymentPostprocessing = 0;
		};
		48EC5F17281AC45E000FDC05 /* Frameworks */ = {
			isa = PBXFrameworksBuildPhase;
			buildActionMask = 2147483647;
			files = (
			);
			runOnlyForDeploymentPostprocessing = 0;
		};
/* End PBXFrameworksBuildPhase section */

/* Begin PBXGroup section */
		48EC5EF7281AC45C000FDC05 = {
			isa = PBXGroup;
			children = (
				48EC5F02281AC45C000FDC05 /* testing */,
				48EC5F13281AC45E000FDC05 /* testingTests */,
				48EC5F1D281AC45E000FDC05 /* testingUITests */,
				48EC5F01281AC45C000FDC05 /* Products */,
			);
			sourceTree = "<group>";
		};
		48EC5F01281AC45C000FDC05 /* Products */ = {
			isa = PBXGroup;
			children = (
				48EC5F00281AC45C000FDC05 /* testing.app */,
				48EC5F10281AC45E000FDC05 /* testingTests.xctest */,
				48EC5F1A281AC45E000FDC05 /* testingUITests.xctest */,
			);
			name = Products;
			sourceTree = "<group>";
		};
		48EC5F02281AC45C000FDC05 /* testing */ = {
			isa = PBXGroup;
			children = (
				48EC5F03281AC45C000FDC05 /* testingApp.swift */,
				48EC5F05281AC45C000FDC05 /* ContentView.swift */,
				48EC5F07281AC45E000FDC05 /* Assets.xcassets */,
				48EC5F09281AC45E000FDC05 /* Preview Content */,
			);
			path = testing;
			sourceTree = "<group>";
		};
		48EC5F09281AC45E000FDC05 /* Preview Content */ = {
			isa = PBXGroup;
			children = (
				48EC5F0A281AC45E000FDC05 /* Preview Assets.xcassets */,
			);
			path = "Preview Content";
			sourceTree = "<group>";
		};
		48EC5F13281AC45E000FDC05 /* testingTests */ = {
			isa = PBXGroup;
			children = (
				48EC5F14281AC45E000FDC05 /* testingTests.swift */,
			);
			path = testingTests;
			sourceTree = "<group>";
		};
		48EC5F1D281AC45E000FDC05 /* testingUITests */ = {
			isa = PBXGroup;
			children = (
				48EC5F1E281AC45E000FDC05 /* testingUITests.swift */,
				48EC5F20281AC45E000FDC05 /* testingUITestsLaunchTests.swift */,
			);
			path = testingUITests;
			sourceTree = "<group>";
		};
/* End PBXGroup section */

/* Begin PBXNativeTarget section */
		48EC5EFF281AC45C000FDC05 /* testing */ = {
			isa = PBXNativeTarget;
			buildConfigurationList = 48EC5F24281AC45E000FDC05 /* Build configuration list for PBXNativeTarget "testing" */;
			buildPhases = (
				48EC5EFC281AC45C000FDC05 /* Sources */,
				48EC5EFD281AC45C000FDC05 /* Frameworks */,
				48EC5EFE281AC45C000FDC05 /* Resources */,
			);
			buildRules = (
			);
			dependencies = (
			);
			name = testing;
			productName = testing;
			productReference = 48EC5F00281AC45C000FDC05 /* testing.app */;
			productType = "com.apple.product-type.application";
		};
		48EC5F0F281AC45E000FDC05 /* testingTests */ = {
			isa = PBXNativeTarget;
			buildConfigurationList = 48EC5F27281AC45E000FDC05 /* Build configuration list for PBXNativeTarget "testingTests" */;
			buildPhases = (
				48EC5F0C281AC45E000FDC05 /* Sources */,
				48EC5F0D281AC45E000FDC05 /* Frameworks */,
				48EC5F0E281AC45E000FDC05 /* Resources */,
			);
			buildRules = (
			);
			dependencies = (
				48EC5F12281AC45E000FDC05 /* PBXTargetDependency */,
			);
			name = testingTests;
			productName = testingTests;
			productReference = 48EC5F10281AC45E000FDC05 /* testingTests.xctest */;
			productType = "com.apple.product-type.bundle.unit-test";
		};
		48EC5F19281AC45E000FDC05 /* testingUITests */ = {
			isa = PBXNativeTarget;
			buildConfigurationList = 48EC5F2A281AC45E000FDC05 /* Build configuration list for PBXNativeTarget "testingUITests" */;
			buildPhases = (
				48EC5F16281AC45E000FDC05 /* Sources */,
				48EC5F17281AC45E000FDC05 /* Frameworks */,
				48EC5F18281AC45E000FDC05 /* Resources */,
			);
			buildRules = (
			);
			dependencies = (
				48EC5F1C281AC45E000FDC05 /* PBXTargetDependency */,
			);
			name = testingUITests;
			productName = testingUITests;
			productReference = 48EC5F1A281AC45E000FDC05 /* testingUITests.xctest */;
			productType = "com.apple.product-type.bundle.ui-testing";
		};
/* End PBXNativeTarget section */

/* Begin PBXProject section */
		48EC5EF8281AC45C000FDC05 /* Project object */ = {
			isa = PBXProject;
			attributes = {
				BuildIndependentTargetsInParallel = 1;
				LastSwiftUpdateCheck = 1330;
				LastUpgradeCheck = 1330;
				TargetAttributes = {
					48EC5EFF281AC45C000FDC05 = {
						CreatedOnToolsVersion = 13.3.1;
					};
					48EC5F0F281AC45E000FDC05 = {
						CreatedOnToolsVersion = 13.3.1;
						TestTargetID = 48EC5EFF281AC45C000FDC05;
					};
					48EC5F19281AC45E000FDC05 = {
						CreatedOnToolsVersion = 13.3.1;
						TestTargetID = 48EC5EFF281AC45C000FDC05;
					};
				};
			};
			buildConfigurationList = 48EC5EFB281AC45C000FDC05 /* Build configuration list for PBXProject "testing" */;
			compatibilityVersion = "Xcode 13.0";
			developmentRegion = en;
			hasScannedForEncodings = 0;
			knownRegions = (
				en,
				Base,
			);
			mainGroup = 48EC5EF7281AC45C000FDC05;
			productRefGroup = 48EC5F01281AC45C000FDC05 /* Products */;
			projectDirPath = "";
			projectRoot = "";
			targets = (
				48EC5EFF281AC45C000FDC05 /* testing */,
				48EC5F0F281AC45E000FDC05 /* testingTests */,
				48EC5F19281AC45E000FDC05 /* testingUITests */,
			);
		};
/* End PBXProject section */

/* Begin PBXResourcesBuildPhase section */
		48EC5EFE281AC45C000FDC05 /* Resources */ = {
			isa = PBXResourcesBuildPhase;
			buildActionMask = 2147483647;
			files = (
				48EC5F0B281AC45E000FDC05 /* Preview Assets.xcassets in Resources */,
				48EC5F08281AC45E000FDC05 /* Assets.xcassets in Resources */,
			);
			runOnlyForDeploymentPostprocessing = 0;
		};
		48EC5F0E281AC45E000FDC05 /* Resources */ = {
			isa = PBXResourcesBuildPhase;
			buildActionMask = 2147483647;
			files = (
			);
			runOnlyForDeploymentPostprocessing = 0;
		};
		48EC5F18281AC45E000FDC05 /* Resources */ = {
			isa = PBXResourcesBuildPhase;
			buildActionMask = 2147483647;
			files = (
			);
			runOnlyForDeploymentPostprocessing = 0;
		};
/* End PBXResourcesBuildPhase section */

/* Begin PBXSourcesBuildPhase section */
		48EC5EFC281AC45C000FDC05 /* Sources */ = {
			isa = PBXSourcesBuildPhase;
			buildActionMask = 2147483647;
			files = (
				48EC5F06281AC45C000FDC05 /* ContentView.swift in Sources */,
				48EC5F04281AC45C000FDC05 /* testingApp.swift in Sources */,
			);
			runOnlyForDeploymentPostprocessing = 0;
		};
		48EC5F0C281AC45E000FDC05 /* Sources */ = {
			isa = PBXSourcesBuildPhase;
			buildActionMask = 2147483647;
			files = (
				48EC5F15281AC45E000FDC05 /* testingTests.swift in Sources */,
			);
			runOnlyForDeploymentPostprocessing = 0;
		};
		48EC5F16281AC45E000FDC05 /* Sources */ = {
			isa = PBXSourcesBuildPhase;
			buildActionMask = 2147483647;
			files = (
				48EC5F1F281AC45E000FDC05 /* testingUITests.swift in Sources */,
				48EC5F21281AC45E000FDC05 /* testingUITestsLaunchTests.swift in Sources */,
			);
			runOnlyForDeploymentPostprocessing = 0;
		};
/* End PBXSourcesBuildPhase section */

/* Begin PBXTargetDependency section */
		48EC5F12281AC45E000FDC05 /* PBXTargetDependency */ = {
			isa = PBXTargetDependency;
			target = 48EC5EFF281AC45C000FDC05 /* testing */;
			targetProxy = 48EC5F11281AC45E000FDC05 /* PBXContainerItemProxy */;
		};
		48EC5F1C281AC45E000FDC05 /* PBXTargetDependency */ = {
			isa = PBXTargetDependency;
			target = 48EC5EFF281AC45C000FDC05 /* testing */;
			targetProxy = 48EC5F1B281AC45E000FDC05 /* PBXContainerItemProxy */;
		};
/* End PBXTargetDependency section */

/* Begin XCBuildConfiguration section */
		48EC5F22281AC45E000FDC05 /* Debug */ = {
			isa = XCBuildConfiguration;
			buildSettings = {
				ALWAYS_SEARCH_USER_PATHS = NO;
				CLANG_ANALYZER_NONNULL = YES;
				CLANG_ANALYZER_NUMBER_OBJECT_CONVERSION = YES_AGGRESSIVE;
				CLANG_CXX_LANGUAGE_STANDARD = "gnu++17";
				CLANG_ENABLE_MODULES = YES;
				CLANG_ENABLE_OBJC_ARC = YES;
				CLANG_ENABLE_OBJC_WEAK = YES;
				CLANG_WARN_BLOCK_CAPTURE_AUTORELEASING = YES;
				CLANG_WARN_BOOL_CONVERSION = YES;
				CLANG_WARN_COMMA = YES;
				CLANG_WARN_CONSTANT_CONVERSION = YES;
				CLANG_WARN_DEPRECATED_OBJC_IMPLEMENTATIONS = YES;
				CLANG_WARN_DIRECT_OBJC_ISA_USAGE = YES_ERROR;
				CLANG_WARN_DOCUMENTATION_COMMENTS = YES;
				CLANG_WARN_EMPTY_BODY = YES;
				CLANG_WARN_ENUM_CONVERSION = YES;
				CLANG_WARN_INFINITE_RECURSION = YES;
				CLANG_WARN_INT_CONVERSION = YES;
				CLANG_WARN_NON_LITERAL_NULL_CONVERSION = YES;
				CLANG_WARN_OBJC_IMPLICIT_RETAIN_SELF = YES;
				CLANG_WARN_OBJC_LITERAL_CONVERSION = YES;
				CLANG_WARN_OBJC_ROOT_CLASS = YES_ERROR;
				CLANG_WARN_QUOTED_INCLUDE_IN_FRAMEWORK_HEADER = YES;
				CLANG_WARN_RANGE_LOOP_ANALYSIS = YES;
				CLANG_WARN_STRICT_PROTOTYPES = YES;
				CLANG_WARN_SUSPICIOUS_MOVE = YES;
				CLANG_WARN_UNGUARDED_AVAILABILITY = YES_AGGRESSIVE;
				CLANG_WARN_UNREACHABLE_CODE = YES;
				CLANG_WARN__DUPLICATE_METHOD_MATCH = YES;
				COPY_PHASE_STRIP = NO;
				DEBUG_INFORMATION_FORMAT = dwarf;
				ENABLE_STRICT_OBJC_MSGSEND = YES;
				ENABLE_TESTABILITY = YES;
				GCC_C_LANGUAGE_STANDARD = gnu11;
				GCC_DYNAMIC_NO_PIC = NO;
				GCC_NO_COMMON_BLOCKS = YES;
				GCC_OPTIMIZATION_LEVEL = 0;
				GCC_PREPROCESSOR_DEFINITIONS = (
					"DEBUG=1",
					"$(inherited)",
				);
				GCC_WARN_64_TO_32_BIT_CONVERSION = YES;
				GCC_WARN_ABOUT_RETURN_TYPE = YES_ERROR;
				GCC_WARN_UNDECLARED_SELECTOR = YES;
				GCC_WARN_UNINITIALIZED_AUTOS = YES_AGGRESSIVE;
				GCC_WARN_UNUSED_FUNCTION = YES;
				GCC_WARN_UNUSED_VARIABLE = YES;
				IPHONEOS_DEPLOYMENT_TARGET = 15.0;
				MTL_ENABLE_DEBUG_INFO = INCLUDE_SOURCE;
				MTL_FAST_MATH = YES;
				ONLY_ACTIVE_ARCH = YES;
				SDKROOT = iphoneos;
				SWIFT_ACTIVE_COMPILATION_CONDITIONS = DEBUG;
				SWIFT_OPTIMIZATION_LEVEL = "-Onone";
			};
			name = Debug;
		};
		48EC5F23281AC45E000FDC05 /* Release */ = {
			isa = XCBuildConfiguration;
			buildSettings = {
				ALWAYS_SEARCH_USER_PATHS = NO;
				CLANG_ANALYZER_NONNULL = YES;
				CLANG_ANALYZER_NUMBER_OBJECT_CONVERSION = YES_AGGRESSIVE;
				CLANG_CXX_LANGUAGE_STANDARD = "gnu++17";
				CLANG_ENABLE_MODULES = YES;
				CLANG_ENABLE_OBJC_ARC = YES;
				CLANG_ENABLE_OBJC_WEAK = YES;
				CLANG_WARN_BLOCK_CAPTURE_AUTORELEASING = YES;
				CLANG_WARN_BOOL_CONVERSION = YES;
				CLANG_WARN_COMMA = YES;
				CLANG_WARN_CONSTANT_CONVERSION = YES;
				CLANG_WARN_DEPRECATED_OBJC_IMPLEMENTATIONS = YES;
				CLANG_WARN_DIRECT_OBJC_ISA_USAGE = YES_ERROR;
				CLANG_WARN_DOCUMENTATION_COMMENTS = YES;
				CLANG_WARN_EMPTY_BODY = YES;
				CLANG_WARN_ENUM_CONVERSION = YES;
				CLANG_WARN_INFINITE_RECURSION = YES;
				CLANG_WARN_INT_CONVERSION = YES;
				CLANG_WARN_NON_LITERAL_NULL_CONVERSION = YES;
				CLANG_WARN_OBJC_IMPLICIT_RETAIN_SELF = YES;
				CLANG_WARN_OBJC_LITERAL_CONVERSION = YES;
				CLANG_WARN_OBJC_ROOT_CLASS = YES_ERROR;
				CLANG_WARN_QUOTED_INCLUDE_IN_FRAMEWORK_HEADER = YES;
				CLANG_WARN_RANGE_LOOP_ANALYSIS = YES;
				CLANG_WARN_STRICT_PROTOTYPES = YES;
				CLANG_WARN_SUSPICIOUS_MOVE = YES;
				CLANG_WARN_UNGUARDED_AVAILABILITY = YES_AGGRESSIVE;
				CLANG_WARN_UNREACHABLE_CODE = YES;
				CLANG_WARN__DUPLICATE_METHOD_MATCH = YES;
				COPY_PHASE_STRIP = NO;
				DEBUG_INFORMATION_FORMAT = "dwarf-with-dsym";
				ENABLE_NS_ASSERTIONS = NO;
				ENABLE_STRICT_OBJC_MSGSEND = YES;
				GCC_C_LANGUAGE_STANDARD = gnu11;
				GCC_NO_COMMON_BLOCKS = YES;
				GCC_WARN_64_TO_32_BIT_CONVERSION = YES;
				GCC_WARN_ABOUT_RETURN_TYPE = YES_ERROR;
				GCC_WARN_UNDECLARED_SELECTOR = YES;
				GCC_WARN_UNINITIALIZED_AUTOS = YES_AGGRESSIVE;
				GCC_WARN_UNUSED_FUNCTION = YES;
				GCC_WARN_UNUSED_VARIABLE = YES;
				IPHONEOS_DEPLOYMENT_TARGET = 15.0;
				MTL_ENABLE_DEBUG_INFO = NO;
				MTL_FAST_MATH = YES;
				SDKROOT = iphoneos;
				SWIFT_COMPILATION_MODE = wholemodule;
				SWIFT_OPTIMIZATION_LEVEL = "-O";
				VALIDATE_PRODUCT = YES;
			};
			name = Release;
		};
		48EC5F25281AC45E000FDC05 /* Debug */ = {
			isa = XCBuildConfiguration;
			buildSettings = {
				ASSETCATALOG_COMPILER_APPICON_NAME = AppIcon;
				ASSETCATALOG_COMPILER_GLOBAL_ACCENT_COLOR_NAME = AccentColor;
				CODE_SIGN_STYLE = Automatic;
				CURRENT_PROJECT_VERSION = 1;
				DEVELOPMENT_ASSET_PATHS = "\"testing/Preview Content\"";
				DEVELOPMENT_TEAM = QW6W57KK9V;
				ENABLE_PREVIEWS = YES;
				GENERATE_INFOPLIST_FILE = YES;
				INFOPLIST_KEY_UIApplicationSceneManifest_Generation = YES;
				INFOPLIST_KEY_UIApplicationSupportsIndirectInputEvents = YES;
				INFOPLIST_KEY_UILaunchScreen_Generation = YES;
				INFOPLIST_KEY_UISupportedInterfaceOrientations_iPad = "UIInterfaceOrientationPortrait UIInterfaceOrientationPortraitUpsideDown UIInterfaceOrientationLandscapeLeft UIInterfaceOrientationLandscapeRight";
				INFOPLIST_KEY_UISupportedInterfaceOrientations_iPhone = "UIInterfaceOrientationPortrait UIInterfaceOrientationLandscapeLeft UIInterfaceOrientationLandscapeRight";
				IPHONEOS_DEPLOYMENT_TARGET = 15.0;
				LD_RUNPATH_SEARCH_PATHS = (
					"$(inherited)",
					"@executable_path/Frameworks",
				);
				MARKETING_VERSION = 1.0;
				PRODUCT_BUNDLE_IDENTIFIER = wow.testing;
				PRODUCT_NAME = "$(TARGET_NAME)";
				SWIFT_EMIT_LOC_STRINGS = YES;
				SWIFT_VERSION = 5.0;
				TARGETED_DEVICE_FAMILY = "1,2";
			};
			name = Debug;
		};
		48EC5F26281AC45E000FDC05 /* Release */ = {
			isa = XCBuildConfiguration;
			buildSettings = {
				ASSETCATALOG_COMPILER_APPICON_NAME = AppIcon;
				ASSETCATALOG_COMPILER_GLOBAL_ACCENT_COLOR_NAME = AccentColor;
				CODE_SIGN_STYLE = Automatic;
				CURRENT_PROJECT_VERSION = 1;
				DEVELOPMENT_ASSET_PATHS = "\"testing/Preview Content\"";
				DEVELOPMENT_TEAM = QW6W57KK9V;
				ENABLE_PREVIEWS = YES;
				GENERATE_INFOPLIST_FILE = YES;
				INFOPLIST_KEY_UIApplicationSceneManifest_Generation = YES;
				INFOPLIST_KEY_UIApplicationSupportsIndirectInputEvents = YES;
				INFOPLIST_KEY_UILaunchScreen_Generation = YES;
				INFOPLIST_KEY_UISupportedInterfaceOrientations_iPad = "UIInterfaceOrientationPortrait UIInterfaceOrientationPortraitUpsideDown UIInterfaceOrientationLandscapeLeft UIInterfaceOrientationLandscapeRight";
				INFOPLIST_KEY_UISupportedInterfaceOrientations_iPhone = "UIInterfaceOrientationPortrait UIInterfaceOrientationLandscapeLeft UIInterfaceOrientationLandscapeRight";
				IPHONEOS_DEPLOYMENT_TARGET = 15.0;
				LD_RUNPATH_SEARCH_PATHS = (
					"$(inherited)",
					"@executable_path/Frameworks",
				);
				MARKETING_VERSION = 1.0;
				PRODUCT_BUNDLE_IDENTIFIER = wow.testing;
				PRODUCT_NAME = "$(TARGET_NAME)";
				SWIFT_EMIT_LOC_STRINGS = YES;
				SWIFT_VERSION = 5.0;
				TARGETED_DEVICE_FAMILY = "1,2";
			};
			name = Release;
		};
		48EC5F28281AC45E000FDC05 /* Debug */ = {
			isa = XCBuildConfiguration;
			buildSettings = {
				ALWAYS_EMBED_SWIFT_STANDARD_LIBRARIES = YES;
				BUNDLE_LOADER = "$(TEST_HOST)";
				CODE_SIGN_STYLE = Automatic;
				CURRENT_PROJECT_VERSION = 1;
				GENERATE_INFOPLIST_FILE = YES;
				IPHONEOS_DEPLOYMENT_TARGET = 15.0;
				MARKETING_VERSION = 1.0;
				PRODUCT_BUNDLE_IDENTIFIER = wow.testingTests;
				PRODUCT_NAME = "$(TARGET_NAME)";
				SWIFT_EMIT_LOC_STRINGS = NO;
				SWIFT_VERSION = 5.0;
				TARGETED_DEVICE_FAMILY = "1,2";
				TEST_HOST = "$(BUILT_PRODUCTS_DIR)/testing.app/testing";
			};
			name = Debug;
		};
		48EC5F29281AC45E000FDC05 /* Release */ = {
			isa = XCBuildConfiguration;
			buildSettings = {
				ALWAYS_EMBED_SWIFT_STANDARD_LIBRARIES = YES;
				BUNDLE_LOADER = "$(TEST_HOST)";
				CODE_SIGN_STYLE = Automatic;
				CURRENT_PROJECT_VERSION = 1;
				GENERATE_INFOPLIST_FILE = YES;
				IPHONEOS_DEPLOYMENT_TARGET = 15.0;
				MARKETING_VERSION = 1.0;
				PRODUCT_BUNDLE_IDENTIFIER = wow.testingTests;
				PRODUCT_NAME = "$(TARGET_NAME)";
				SWIFT_EMIT_LOC_STRINGS = NO;
				SWIFT_VERSION = 5.0;
				TARGETED_DEVICE_FAMILY = "1,2";
				TEST_HOST = "$(BUILT_PRODUCTS_DIR)/testing.app/testing";
			};
			name = Release;
		};
		48EC5F2B281AC45E000FDC05 /* Debug */ = {
			isa = XCBuildConfiguration;
			buildSettings = {
				ALWAYS_EMBED_SWIFT_STANDARD_LIBRARIES = YES;
				CODE_SIGN_STYLE = Automatic;
				CURRENT_PROJECT_VERSION = 1;
				GENERATE_INFOPLIST_FILE = YES;
				IPHONEOS_DEPLOYMENT_TARGET = 15.0;
				MARKETING_VERSION = 1.0;
				PRODUCT_BUNDLE_IDENTIFIER = wow.testingUITests;
				PRODUCT_NAME = "$(TARGET_NAME)";
				SWIFT_EMIT_LOC_STRINGS = NO;
				SWIFT_VERSION = 5.0;
				TARGETED_DEVICE_FAMILY = "1,2";
				TEST_TARGET_NAME = testing;
			};
			name = Debug;
		};
		48EC5F2C281AC45E000FDC05 /* Release */ = {
			isa = XCBuildConfiguration;
			buildSettings = {
				ALWAYS_EMBED_SWIFT_STANDARD_LIBRARIES = YES;
				CODE_SIGN_STYLE = Automatic;
				CURRENT_PROJECT_VERSION = 1;
				GENERATE_INFOPLIST_FILE = YES;
				IPHONEOS_DEPLOYMENT_TARGET = 15.0;
				MARKETING_VERSION = 1.0;
				PRODUCT_BUNDLE_IDENTIFIER = wow.testingUITests;
				PRODUCT_NAME = "$(TARGET_NAME)";
				SWIFT_EMIT_LOC_STRINGS = NO;
				SWIFT_VERSION = 5.0;
				TARGETED_DEVICE_FAMILY = "1,2";
				TEST_TARGET_NAME = testing;
			};
			name = Release;
		};
/* End XCBuildConfiguration section */

/* Begin XCConfigurationList section */
		48EC5EFB281AC45C000FDC05 /* Build configuration list for PBXProject "testing" */ = {
			isa = XCConfigurationList;
			buildConfigurations = (
				48EC5F22281AC45E000FDC05 /* Debug */,
				48EC5F23281AC45E000FDC05 /* Release */,
			);
			defaultConfigurationIsVisible = 0;
			defaultConfigurationName = Release;
		};
		48EC5F24281AC45E000FDC05 /* Build configuration list for PBXNativeTarget "testing" */ = {
			isa = XCConfigurationList;
			buildConfigurations = (
				48EC5F25281AC45E000FDC05 /* Debug */,
				48EC5F26281AC45E000FDC05 /* Release */,
			);
			defaultConfigurationIsVisible = 0;
			defaultConfigurationName = Release;
		};
		48EC5F27281AC45E000FDC05 /* Build configuration list for PBXNativeTarget "testingTests" */ = {
			isa = XCConfigurationList;
			buildConfigurations = (
				48EC5F28281AC45E000FDC05 /* Debug */,
				48EC5F29281AC45E000FDC05 /* Release */,
			);
			defaultConfigurationIsVisible = 0;
			defaultConfigurationName = Release;
		};
		48EC5F2A281AC45E000FDC05 /* Build configuration list for PBXNativeTarget "testingUITests" */ = {
			isa = XCConfigurationList;
			buildConfigurations = (
				48EC5F2B281AC45E000FDC05 /* Debug */,
				48EC5F2C281AC45E000FDC05 /* Release */,
			);
			defaultConfigurationIsVisible = 0;
			defaultConfigurationName = Release;
		};
/* End XCConfigurationList section */
	};
	rootObject = 48EC5EF8281AC45C000FDC05 /* Project object */;
}
